// !$*UTF8*$!
{
	archiveVersion = 1;
	classes = {
	};
	objectVersion = 56;
	objects = {

/* Begin PBXBuildFile section */
		EE211F282B9A80CB00F0E4FF /* HomeView.swift in Sources */ = {isa = PBXBuildFile; fileRef = EE211F272B9A80CB00F0E4FF /* HomeView.swift */; };
		EE211F2A2B9A85A000F0E4FF /* AboutView.swift in Sources */ = {isa = PBXBuildFile; fileRef = EE211F292B9A85A000F0E4FF /* AboutView.swift */; };
		EE211F2D2B9AD36000F0E4FF /* VacuumTypeSelection.swift in Sources */ = {isa = PBXBuildFile; fileRef = EE211F2C2B9AD36000F0E4FF /* VacuumTypeSelection.swift */; };
		EE211F2F2B9AD3A500F0E4FF /* CenteredTitle.swift in Sources */ = {isa = PBXBuildFile; fileRef = EE211F2E2B9AD3A500F0E4FF /* CenteredTitle.swift */; };
		EE211F312B9AD3D000F0E4FF /* PlayButton.swift in Sources */ = {isa = PBXBuildFile; fileRef = EE211F302B9AD3D000F0E4FF /* PlayButton.swift */; };
		EE211F332B9AD3E900F0E4FF /* AboutButton.swift in Sources */ = {isa = PBXBuildFile; fileRef = EE211F322B9AD3E900F0E4FF /* AboutButton.swift */; };
		EEAF2BA12B99306D00894313 /* AppViewModel.swift in Sources */ = {isa = PBXBuildFile; fileRef = EEAF2BA02B99306D00894313 /* AppViewModel.swift */; };
		EEC11E6F2B96FCC700BEB6BE /* RotateComponent.swift in Sources */ = {isa = PBXBuildFile; fileRef = EEC11E6E2B96FCC700BEB6BE /* RotateComponent.swift */; };
		EEC11E712B96FCEF00BEB6BE /* RotateSystem.swift in Sources */ = {isa = PBXBuildFile; fileRef = EEC11E702B96FCEF00BEB6BE /* RotateSystem.swift */; };
		EEC11E732B980C2300BEB6BE /* coin_collect.mp3 in Resources */ = {isa = PBXBuildFile; fileRef = EEC11E722B980C2300BEB6BE /* coin_collect.mp3 */; };
		EEC8E24A2B968EC800F4AD4D /* RealityKitContent in Frameworks */ = {isa = PBXBuildFile; productRef = EEC8E2492B968EC800F4AD4D /* RealityKitContent */; };
		EEC8E24C2B968EC800F4AD4D /* SpatialSweeperApp.swift in Sources */ = {isa = PBXBuildFile; fileRef = EEC8E24B2B968EC800F4AD4D /* SpatialSweeperApp.swift */; };
		EEC8E24E2B968EC800F4AD4D /* ContentView.swift in Sources */ = {isa = PBXBuildFile; fileRef = EEC8E24D2B968EC800F4AD4D /* ContentView.swift */; };
		EEC8E2502B968EC800F4AD4D /* ImmersiveView.swift in Sources */ = {isa = PBXBuildFile; fileRef = EEC8E24F2B968EC800F4AD4D /* ImmersiveView.swift */; };
		EEC8E2522B968ECA00F4AD4D /* Assets.xcassets in Resources */ = {isa = PBXBuildFile; fileRef = EEC8E2512B968ECA00F4AD4D /* Assets.xcassets */; };
		EEC8E2552B968ECA00F4AD4D /* Preview Assets.xcassets in Resources */ = {isa = PBXBuildFile; fileRef = EEC8E2542B968ECA00F4AD4D /* Preview Assets.xcassets */; };
		EEC8E2632B969E5100F4AD4D /* SweeperRealityController.swift in Sources */ = {isa = PBXBuildFile; fileRef = EEC8E2622B969E5100F4AD4D /* SweeperRealityController.swift */; };
/* End PBXBuildFile section */

/* Begin PBXFileReference section */
		EE211F272B9A80CB00F0E4FF /* HomeView.swift */ = {isa = PBXFileReference; lastKnownFileType = sourcecode.swift; path = HomeView.swift; sourceTree = "<group>"; };
		EE211F292B9A85A000F0E4FF /* AboutView.swift */ = {isa = PBXFileReference; lastKnownFileType = sourcecode.swift; path = AboutView.swift; sourceTree = "<group>"; };
		EE211F2C2B9AD36000F0E4FF /* VacuumTypeSelection.swift */ = {isa = PBXFileReference; lastKnownFileType = sourcecode.swift; path = VacuumTypeSelection.swift; sourceTree = "<group>"; };
		EE211F2E2B9AD3A500F0E4FF /* CenteredTitle.swift */ = {isa = PBXFileReference; lastKnownFileType = sourcecode.swift; path = CenteredTitle.swift; sourceTree = "<group>"; };
		EE211F302B9AD3D000F0E4FF /* PlayButton.swift */ = {isa = PBXFileReference; lastKnownFileType = sourcecode.swift; path = PlayButton.swift; sourceTree = "<group>"; };
		EE211F322B9AD3E900F0E4FF /* AboutButton.swift */ = {isa = PBXFileReference; lastKnownFileType = sourcecode.swift; path = AboutButton.swift; sourceTree = "<group>"; };
		EEAF2BA02B99306D00894313 /* AppViewModel.swift */ = {isa = PBXFileReference; lastKnownFileType = sourcecode.swift; path = AppViewModel.swift; sourceTree = "<group>"; };
		EEC11E6E2B96FCC700BEB6BE /* RotateComponent.swift */ = {isa = PBXFileReference; lastKnownFileType = sourcecode.swift; path = RotateComponent.swift; sourceTree = "<group>"; };
		EEC11E702B96FCEF00BEB6BE /* RotateSystem.swift */ = {isa = PBXFileReference; lastKnownFileType = sourcecode.swift; path = RotateSystem.swift; sourceTree = "<group>"; };
		EEC11E722B980C2300BEB6BE /* coin_collect.mp3 */ = {isa = PBXFileReference; lastKnownFileType = audio.mp3; path = coin_collect.mp3; sourceTree = "<group>"; };
		EEC8E2442B968EC800F4AD4D /* SpatialSweeper.app */ = {isa = PBXFileReference; explicitFileType = wrapper.application; includeInIndex = 0; path = SpatialSweeper.app; sourceTree = BUILT_PRODUCTS_DIR; };
		EEC8E2482B968EC800F4AD4D /* RealityKitContent */ = {isa = PBXFileReference; lastKnownFileType = wrapper; path = RealityKitContent; sourceTree = "<group>"; };
		EEC8E24B2B968EC800F4AD4D /* SpatialSweeperApp.swift */ = {isa = PBXFileReference; lastKnownFileType = sourcecode.swift; path = SpatialSweeperApp.swift; sourceTree = "<group>"; };
		EEC8E24D2B968EC800F4AD4D /* ContentView.swift */ = {isa = PBXFileReference; lastKnownFileType = sourcecode.swift; path = ContentView.swift; sourceTree = "<group>"; };
		EEC8E24F2B968EC800F4AD4D /* ImmersiveView.swift */ = {isa = PBXFileReference; lastKnownFileType = sourcecode.swift; path = ImmersiveView.swift; sourceTree = "<group>"; };
		EEC8E2512B968ECA00F4AD4D /* Assets.xcassets */ = {isa = PBXFileReference; lastKnownFileType = folder.assetcatalog; path = Assets.xcassets; sourceTree = "<group>"; };
		EEC8E2542B968ECA00F4AD4D /* Preview Assets.xcassets */ = {isa = PBXFileReference; lastKnownFileType = folder.assetcatalog; path = "Preview Assets.xcassets"; sourceTree = "<group>"; };
		EEC8E2562B968ECA00F4AD4D /* Info.plist */ = {isa = PBXFileReference; lastKnownFileType = text.plist.xml; path = Info.plist; sourceTree = "<group>"; };
		EEC8E2622B969E5100F4AD4D /* SweeperRealityController.swift */ = {isa = PBXFileReference; lastKnownFileType = sourcecode.swift; path = SweeperRealityController.swift; sourceTree = "<group>"; };
/* End PBXFileReference section */

/* Begin PBXFrameworksBuildPhase section */
		EEC8E2412B968EC800F4AD4D /* Frameworks */ = {
			isa = PBXFrameworksBuildPhase;
			buildActionMask = 2147483647;
			files = (
				EEC8E24A2B968EC800F4AD4D /* RealityKitContent in Frameworks */,
			);
			runOnlyForDeploymentPostprocessing = 0;
		};
/* End PBXFrameworksBuildPhase section */

/* Begin PBXGroup section */
		EE211F262B9A80B700F0E4FF /* Views */ = {
			isa = PBXGroup;
			children = (
				EE211F272B9A80CB00F0E4FF /* HomeView.swift */,
				EE211F292B9A85A000F0E4FF /* AboutView.swift */,
			);
			path = Views;
			sourceTree = "<group>";
		};
		EE211F2B2B9AD30800F0E4FF /* View Components */ = {
			isa = PBXGroup;
			children = (
				EE211F2C2B9AD36000F0E4FF /* VacuumTypeSelection.swift */,
				EE211F2E2B9AD3A500F0E4FF /* CenteredTitle.swift */,
				EE211F302B9AD3D000F0E4FF /* PlayButton.swift */,
				EE211F322B9AD3E900F0E4FF /* AboutButton.swift */,
			);
			path = "View Components";
			sourceTree = "<group>";
		};
		EEC8E23B2B968EC800F4AD4D = {
			isa = PBXGroup;
			children = (
				EEC8E2462B968EC800F4AD4D /* SpatialSweeper */,
				EEC8E2472B968EC800F4AD4D /* Packages */,
				EEC8E2452B968EC800F4AD4D /* Products */,
			);
			sourceTree = "<group>";
		};
		EEC8E2452B968EC800F4AD4D /* Products */ = {
			isa = PBXGroup;
			children = (
				EEC8E2442B968EC800F4AD4D /* SpatialSweeper.app */,
			);
			name = Products;
			sourceTree = "<group>";
		};
		EEC8E2462B968EC800F4AD4D /* SpatialSweeper */ = {
			isa = PBXGroup;
			children = (
				EE211F2B2B9AD30800F0E4FF /* View Components */,
				EE211F262B9A80B700F0E4FF /* Views */,
				EEC8E24B2B968EC800F4AD4D /* SpatialSweeperApp.swift */,
				EEC8E24D2B968EC800F4AD4D /* ContentView.swift */,
				EEC8E24F2B968EC800F4AD4D /* ImmersiveView.swift */,
				EEC8E2622B969E5100F4AD4D /* SweeperRealityController.swift */,
				EEC11E6E2B96FCC700BEB6BE /* RotateComponent.swift */,
				EEC11E702B96FCEF00BEB6BE /* RotateSystem.swift */,
				EEAF2BA02B99306D00894313 /* AppViewModel.swift */,
				EEC11E722B980C2300BEB6BE /* coin_collect.mp3 */,
				EEC8E2512B968ECA00F4AD4D /* Assets.xcassets */,
				EEC8E2562B968ECA00F4AD4D /* Info.plist */,
				EEC8E2532B968ECA00F4AD4D /* Preview Content */,
			);
			path = SpatialSweeper;
			sourceTree = "<group>";
		};
		EEC8E2472B968EC800F4AD4D /* Packages */ = {
			isa = PBXGroup;
			children = (
				EEC8E2482B968EC800F4AD4D /* RealityKitContent */,
			);
			path = Packages;
			sourceTree = "<group>";
		};
		EEC8E2532B968ECA00F4AD4D /* Preview Content */ = {
			isa = PBXGroup;
			children = (
				EEC8E2542B968ECA00F4AD4D /* Preview Assets.xcassets */,
			);
			path = "Preview Content";
			sourceTree = "<group>";
		};
/* End PBXGroup section */

/* Begin PBXNativeTarget section */
		EEC8E2432B968EC800F4AD4D /* SpatialSweeper */ = {
			isa = PBXNativeTarget;
			buildConfigurationList = EEC8E2592B968ECA00F4AD4D /* Build configuration list for PBXNativeTarget "SpatialSweeper" */;
			buildPhases = (
				EEC8E2402B968EC800F4AD4D /* Sources */,
				EEC8E2412B968EC800F4AD4D /* Frameworks */,
				EEC8E2422B968EC800F4AD4D /* Resources */,
			);
			buildRules = (
			);
			dependencies = (
			);
			name = SpatialSweeper;
			packageProductDependencies = (
				EEC8E2492B968EC800F4AD4D /* RealityKitContent */,
			);
			productName = SpatialSweeper;
			productReference = EEC8E2442B968EC800F4AD4D /* SpatialSweeper.app */;
			productType = "com.apple.product-type.application";
		};
/* End PBXNativeTarget section */

/* Begin PBXProject section */
		EEC8E23C2B968EC800F4AD4D /* Project object */ = {
			isa = PBXProject;
			attributes = {
				BuildIndependentTargetsInParallel = 1;
				LastSwiftUpdateCheck = 1520;
				LastUpgradeCheck = 1520;
				TargetAttributes = {
					EEC8E2432B968EC800F4AD4D = {
						CreatedOnToolsVersion = 15.2;
					};
				};
			};
			buildConfigurationList = EEC8E23F2B968EC800F4AD4D /* Build configuration list for PBXProject "SpatialSweeper" */;
			compatibilityVersion = "Xcode 14.0";
			developmentRegion = en;
			hasScannedForEncodings = 0;
			knownRegions = (
				en,
				Base,
			);
			mainGroup = EEC8E23B2B968EC800F4AD4D;
			packageReferences = (
			);
			productRefGroup = EEC8E2452B968EC800F4AD4D /* Products */;
			projectDirPath = "";
			projectRoot = "";
			targets = (
				EEC8E2432B968EC800F4AD4D /* SpatialSweeper */,
			);
		};
/* End PBXProject section */

/* Begin PBXResourcesBuildPhase section */
		EEC8E2422B968EC800F4AD4D /* Resources */ = {
			isa = PBXResourcesBuildPhase;
			buildActionMask = 2147483647;
			files = (
				EEC8E2552B968ECA00F4AD4D /* Preview Assets.xcassets in Resources */,
				EEC8E2522B968ECA00F4AD4D /* Assets.xcassets in Resources */,
				EEC11E732B980C2300BEB6BE /* coin_collect.mp3 in Resources */,
			);
			runOnlyForDeploymentPostprocessing = 0;
		};
/* End PBXResourcesBuildPhase section */

/* Begin PBXSourcesBuildPhase section */
		EEC8E2402B968EC800F4AD4D /* Sources */ = {
			isa = PBXSourcesBuildPhase;
			buildActionMask = 2147483647;
			files = (
				EEC8E24E2B968EC800F4AD4D /* ContentView.swift in Sources */,
				EEC11E712B96FCEF00BEB6BE /* RotateSystem.swift in Sources */,
				EEAF2BA12B99306D00894313 /* AppViewModel.swift in Sources */,
				EE211F2D2B9AD36000F0E4FF /* VacuumTypeSelection.swift in Sources */,
				EE211F332B9AD3E900F0E4FF /* AboutButton.swift in Sources */,
				EEC8E24C2B968EC800F4AD4D /* SpatialSweeperApp.swift in Sources */,
				EE211F312B9AD3D000F0E4FF /* PlayButton.swift in Sources */,
				EE211F2A2B9A85A000F0E4FF /* AboutView.swift in Sources */,
				EEC8E2632B969E5100F4AD4D /* SweeperRealityController.swift in Sources */,
				EE211F282B9A80CB00F0E4FF /* HomeView.swift in Sources */,
				EEC8E2502B968EC800F4AD4D /* ImmersiveView.swift in Sources */,
				EE211F2F2B9AD3A500F0E4FF /* CenteredTitle.swift in Sources */,
				EEC11E6F2B96FCC700BEB6BE /* RotateComponent.swift in Sources */,
			);
			runOnlyForDeploymentPostprocessing = 0;
		};
/* End PBXSourcesBuildPhase section */

/* Begin XCBuildConfiguration section */
		EEC8E2572B968ECA00F4AD4D /* Debug */ = {
			isa = XCBuildConfiguration;
			buildSettings = {
				ALWAYS_SEARCH_USER_PATHS = NO;
				ASSETCATALOG_COMPILER_GENERATE_SWIFT_ASSET_SYMBOL_EXTENSIONS = YES;
				CLANG_ANALYZER_NONNULL = YES;
				CLANG_ANALYZER_NUMBER_OBJECT_CONVERSION = YES_AGGRESSIVE;
				CLANG_CXX_LANGUAGE_STANDARD = "gnu++20";
				CLANG_ENABLE_MODULES = YES;
				CLANG_ENABLE_OBJC_ARC = YES;
				CLANG_ENABLE_OBJC_WEAK = YES;
				CLANG_WARN_BLOCK_CAPTURE_AUTORELEASING = YES;
				CLANG_WARN_BOOL_CONVERSION = YES;
				CLANG_WARN_COMMA = YES;
				CLANG_WARN_CONSTANT_CONVERSION = YES;
				CLANG_WARN_DEPRECATED_OBJC_IMPLEMENTATIONS = YES;
				CLANG_WARN_DIRECT_OBJC_ISA_USAGE = YES_ERROR;
				CLANG_WARN_DOCUMENTATION_COMMENTS = YES;
				CLANG_WARN_EMPTY_BODY = YES;
				CLANG_WARN_ENUM_CONVERSION = YES;
				CLANG_WARN_INFINITE_RECURSION = YES;
				CLANG_WARN_INT_CONVERSION = YES;
				CLANG_WARN_NON_LITERAL_NULL_CONVERSION = YES;
				CLANG_WARN_OBJC_IMPLICIT_RETAIN_SELF = YES;
				CLANG_WARN_OBJC_LITERAL_CONVERSION = YES;
				CLANG_WARN_OBJC_ROOT_CLASS = YES_ERROR;
				CLANG_WARN_QUOTED_INCLUDE_IN_FRAMEWORK_HEADER = YES;
				CLANG_WARN_RANGE_LOOP_ANALYSIS = YES;
				CLANG_WARN_STRICT_PROTOTYPES = YES;
				CLANG_WARN_SUSPICIOUS_MOVE = YES;
				CLANG_WARN_UNGUARDED_AVAILABILITY = YES_AGGRESSIVE;
				CLANG_WARN_UNREACHABLE_CODE = YES;
				CLANG_WARN__DUPLICATE_METHOD_MATCH = YES;
				COPY_PHASE_STRIP = NO;
				DEBUG_INFORMATION_FORMAT = dwarf;
				ENABLE_STRICT_OBJC_MSGSEND = YES;
				ENABLE_TESTABILITY = YES;
				ENABLE_USER_SCRIPT_SANDBOXING = YES;
				GCC_C_LANGUAGE_STANDARD = gnu17;
				GCC_DYNAMIC_NO_PIC = NO;
				GCC_NO_COMMON_BLOCKS = YES;
				GCC_OPTIMIZATION_LEVEL = 0;
				GCC_PREPROCESSOR_DEFINITIONS = (
					"DEBUG=1",
					"$(inherited)",
				);
				GCC_WARN_64_TO_32_BIT_CONVERSION = YES;
				GCC_WARN_ABOUT_RETURN_TYPE = YES_ERROR;
				GCC_WARN_UNDECLARED_SELECTOR = YES;
				GCC_WARN_UNINITIALIZED_AUTOS = YES_AGGRESSIVE;
				GCC_WARN_UNUSED_FUNCTION = YES;
				GCC_WARN_UNUSED_VARIABLE = YES;
				LOCALIZATION_PREFERS_STRING_CATALOGS = YES;
				MTL_ENABLE_DEBUG_INFO = INCLUDE_SOURCE;
				MTL_FAST_MATH = YES;
				ONLY_ACTIVE_ARCH = YES;
				SDKROOT = xros;
				SWIFT_ACTIVE_COMPILATION_CONDITIONS = "DEBUG $(inherited)";
				SWIFT_OPTIMIZATION_LEVEL = "-Onone";
				XROS_DEPLOYMENT_TARGET = 1.0;
			};
			name = Debug;
		};
		EEC8E2582B968ECA00F4AD4D /* Release */ = {
			isa = XCBuildConfiguration;
			buildSettings = {
				ALWAYS_SEARCH_USER_PATHS = NO;
				ASSETCATALOG_COMPILER_GENERATE_SWIFT_ASSET_SYMBOL_EXTENSIONS = YES;
				CLANG_ANALYZER_NONNULL = YES;
				CLANG_ANALYZER_NUMBER_OBJECT_CONVERSION = YES_AGGRESSIVE;
				CLANG_CXX_LANGUAGE_STANDARD = "gnu++20";
				CLANG_ENABLE_MODULES = YES;
				CLANG_ENABLE_OBJC_ARC = YES;
				CLANG_ENABLE_OBJC_WEAK = YES;
				CLANG_WARN_BLOCK_CAPTURE_AUTORELEASING = YES;
				CLANG_WARN_BOOL_CONVERSION = YES;
				CLANG_WARN_COMMA = YES;
				CLANG_WARN_CONSTANT_CONVERSION = YES;
				CLANG_WARN_DEPRECATED_OBJC_IMPLEMENTATIONS = YES;
				CLANG_WARN_DIRECT_OBJC_ISA_USAGE = YES_ERROR;
				CLANG_WARN_DOCUMENTATION_COMMENTS = YES;
				CLANG_WARN_EMPTY_BODY = YES;
				CLANG_WARN_ENUM_CONVERSION = YES;
				CLANG_WARN_INFINITE_RECURSION = YES;
				CLANG_WARN_INT_CONVERSION = YES;
				CLANG_WARN_NON_LITERAL_NULL_CONVERSION = YES;
				CLANG_WARN_OBJC_IMPLICIT_RETAIN_SELF = YES;
				CLANG_WARN_OBJC_LITERAL_CONVERSION = YES;
				CLANG_WARN_OBJC_ROOT_CLASS = YES_ERROR;
				CLANG_WARN_QUOTED_INCLUDE_IN_FRAMEWORK_HEADER = YES;
				CLANG_WARN_RANGE_LOOP_ANALYSIS = YES;
				CLANG_WARN_STRICT_PROTOTYPES = YES;
				CLANG_WARN_SUSPICIOUS_MOVE = YES;
				CLANG_WARN_UNGUARDED_AVAILABILITY = YES_AGGRESSIVE;
				CLANG_WARN_UNREACHABLE_CODE = YES;
				CLANG_WARN__DUPLICATE_METHOD_MATCH = YES;
				COPY_PHASE_STRIP = NO;
				DEBUG_INFORMATION_FORMAT = "dwarf-with-dsym";
				ENABLE_NS_ASSERTIONS = NO;
				ENABLE_STRICT_OBJC_MSGSEND = YES;
				ENABLE_USER_SCRIPT_SANDBOXING = YES;
				GCC_C_LANGUAGE_STANDARD = gnu17;
				GCC_NO_COMMON_BLOCKS = YES;
				GCC_WARN_64_TO_32_BIT_CONVERSION = YES;
				GCC_WARN_ABOUT_RETURN_TYPE = YES_ERROR;
				GCC_WARN_UNDECLARED_SELECTOR = YES;
				GCC_WARN_UNINITIALIZED_AUTOS = YES_AGGRESSIVE;
				GCC_WARN_UNUSED_FUNCTION = YES;
				GCC_WARN_UNUSED_VARIABLE = YES;
				LOCALIZATION_PREFERS_STRING_CATALOGS = YES;
				MTL_ENABLE_DEBUG_INFO = NO;
				MTL_FAST_MATH = YES;
				SDKROOT = xros;
				SWIFT_COMPILATION_MODE = wholemodule;
				VALIDATE_PRODUCT = YES;
				XROS_DEPLOYMENT_TARGET = 1.0;
			};
			name = Release;
		};
		EEC8E25A2B968ECA00F4AD4D /* Debug */ = {
			isa = XCBuildConfiguration;
			buildSettings = {
				ASSETCATALOG_COMPILER_APPICON_NAME = AppIcon;
				ASSETCATALOG_COMPILER_GLOBAL_ACCENT_COLOR_NAME = AccentColor;
				CODE_SIGN_STYLE = Automatic;
				CURRENT_PROJECT_VERSION = 1;
				DEVELOPMENT_ASSET_PATHS = "\"SpatialSweeper/Preview Content\"";
				DEVELOPMENT_TEAM = QWRG47HQKW;
				ENABLE_PREVIEWS = YES;
				GENERATE_INFOPLIST_FILE = YES;
				INFOPLIST_FILE = "$(TARGET_NAME)/Info.plist";
				INFOPLIST_KEY_CFBundleDisplayName = "Vision Vacuum";
				LD_RUNPATH_SEARCH_PATHS = (
					"$(inherited)",
					"@executable_path/Frameworks",
				);
				MARKETING_VERSION = 1.0;
				OTHER_LDFLAGS = "";
				PRODUCT_BUNDLE_IDENTIFIER = osv22.ghalib.SpatialSweeper;
				PRODUCT_NAME = "$(TARGET_NAME)";
				SUPPORTED_PLATFORMS = "xros xrsimulator";
				SWIFT_EMIT_LOC_STRINGS = YES;
				SWIFT_VERSION = 5.0;
				TARGETED_DEVICE_FAMILY = "1,2,7";
			};
			name = Debug;
		};
		EEC8E25B2B968ECA00F4AD4D /* Release */ = {
			isa = XCBuildConfiguration;
			buildSettings = {
				ASSETCATALOG_COMPILER_APPICON_NAME = AppIcon;
				ASSETCATALOG_COMPILER_GLOBAL_ACCENT_COLOR_NAME = AccentColor;
				CODE_SIGN_STYLE = Automatic;
				CURRENT_PROJECT_VERSION = 1;
				DEVELOPMENT_ASSET_PATHS = "\"SpatialSweeper/Preview Content\"";
				DEVELOPMENT_TEAM = QWRG47HQKW;
				ENABLE_PREVIEWS = YES;
				GENERATE_INFOPLIST_FILE = YES;
				INFOPLIST_FILE = "$(TARGET_NAME)/Info.plist";
				INFOPLIST_KEY_CFBundleDisplayName = "Vision Vacuum";
				LD_RUNPATH_SEARCH_PATHS = (
					"$(inherited)",
					"@executable_path/Frameworks",
				);
				MARKETING_VERSION = 1.0;
				PRODUCT_BUNDLE_IDENTIFIER = osv22.ghalib.SpatialSweeper;
				PRODUCT_NAME = "$(TARGET_NAME)";
				SUPPORTED_PLATFORMS = "xros xrsimulator";
				SWIFT_EMIT_LOC_STRINGS = YES;
				SWIFT_VERSION = 5.0;
				TARGETED_DEVICE_FAMILY = "1,2,7";
			};
			name = Release;
		};
/* End XCBuildConfiguration section */

/* Begin XCConfigurationList section */
		EEC8E23F2B968EC800F4AD4D /* Build configuration list for PBXProject "SpatialSweeper" */ = {
			isa = XCConfigurationList;
			buildConfigurations = (
				EEC8E2572B968ECA00F4AD4D /* Debug */,
				EEC8E2582B968ECA00F4AD4D /* Release */,
			);
			defaultConfigurationIsVisible = 0;
			defaultConfigurationName = Release;
		};
		EEC8E2592B968ECA00F4AD4D /* Build configuration list for PBXNativeTarget "SpatialSweeper" */ = {
			isa = XCConfigurationList;
			buildConfigurations = (
				EEC8E25A2B968ECA00F4AD4D /* Debug */,
				EEC8E25B2B968ECA00F4AD4D /* Release */,
			);
			defaultConfigurationIsVisible = 0;
			defaultConfigurationName = Release;
		};
/* End XCConfigurationList section */

/* Begin XCSwiftPackageProductDependency section */
		EEC8E2492B968EC800F4AD4D /* RealityKitContent */ = {
			isa = XCSwiftPackageProductDependency;
			productName = RealityKitContent;
		};
/* End XCSwiftPackageProductDependency section */
	};
	rootObject = EEC8E23C2B968EC800F4AD4D /* Project object */;
}
